
Microsoft Visual Studio Solution File, Format Version 12.00
# Visual Studio Version 17
VisualStudioVersion = 17.10.35004.147
MinimumVisualStudioVersion = 10.0.40219.1
Project("{9A19103F-16F7-4668-BE54-9A1E7A4F7556}") = "RussianDollEnvelopes", "RussianDollEnvelopes\RussianDollEnvelopes.csproj", "{1C7CFA17-21B4-409A-9FAD-BCC7FF54B88D}"
EndProject
Project("{9A19103F-16F7-4668-BE54-9A1E7A4F7556}") = "TwoNumbers", "TwoNumbers\TwoNumbers.csproj", "{55D37236-7BD0-4DD0-945D-8CF7DFAC87E5}"
EndProject
Project("{9A19103F-16F7-4668-BE54-9A1E7A4F7556}") = "SortedSqares", "SortedSquares\SortedSqares.csproj", "{136907AF-10FE-468D-86A8-03B25FB779FC}"
EndProject
Global
	GlobalSection(SolutionConfigurationPlatforms) = preSolution
		Debug|Any CPU = Debug|Any CPU
		Release|Any CPU = Release|Any CPU
	EndGlobalSection
	GlobalSection(ProjectConfigurationPlatforms) = postSolution
		{1C7CFA17-21B4-409A-9FAD-BCC7FF54B88D}.Debug|Any CPU.ActiveCfg = Debug|Any CPU
		{1C7CFA17-21B4-409A-9FAD-BCC7FF54B88D}.Debug|Any CPU.Build.0 = Debug|Any CPU
		{1C7CFA17-21B4-409A-9FAD-BCC7FF54B88D}.Release|Any CPU.ActiveCfg = Release|Any CPU
		{1C7CFA17-21B4-409A-9FAD-BCC7FF54B88D}.Release|Any CPU.Build.0 = Release|Any CPU
		{55D37236-7BD0-4DD0-945D-8CF7DFAC87E5}.Debug|Any CPU.ActiveCfg = Debug|Any CPU
		{55D37236-7BD0-4DD0-945D-8CF7DFAC87E5}.Debug|Any CPU.Build.0 = Debug|Any CPU
		{55D37236-7BD0-4DD0-945D-8CF7DFAC87E5}.Release|Any CPU.ActiveCfg = Release|Any CPU
		{55D37236-7BD0-4DD0-945D-8CF7DFAC87E5}.Release|Any CPU.Build.0 = Release|Any CPU
		{136907AF-10FE-468D-86A8-03B25FB779FC}.Debug|Any CPU.ActiveCfg = Debug|Any CPU
		{136907AF-10FE-468D-86A8-03B25FB779FC}.Debug|Any CPU.Build.0 = Debug|Any CPU
		{136907AF-10FE-468D-86A8-03B25FB779FC}.Release|Any CPU.ActiveCfg = Release|Any CPU
		{136907AF-10FE-468D-86A8-03B25FB779FC}.Release|Any CPU.Build.0 = Release|Any CPU
	EndGlobalSection
	GlobalSection(SolutionProperties) = preSolution
		HideSolutionNode = FALSE
	EndGlobalSection
	GlobalSection(ExtensibilityGlobals) = postSolution
		SolutionGuid = {AC72A5CE-7D73-4E62-ADFE-FBD3DB2991DF}
	EndGlobalSection
EndGlobal
