
Microsoft Visual Studio Solution File, Format Version 12.00
# Visual Studio Version 17
VisualStudioVersion = 17.3.32819.101
MinimumVisualStudioVersion = 10.0.40219.1
Project("{9A19103F-16F7-4668-BE54-9A1E7A4F7556}") = "RussianDollEnvelopes", "RussianDollEnvelopes.csproj", "{0FCBEA44-760D-49AA-9B86-B5B089C85A63}"
EndProject
Project("{FAE04EC0-301F-11D3-BF4B-00C04F79EFBC}") = "AddTwoNumbers", "..\AddTwoNumbers\AddTwoNumbers.csproj", "{09CC1B15-31FF-42C0-9705-2D89BFCB8941}"
EndProject
Global
	GlobalSection(SolutionConfigurationPlatforms) = preSolution
		Debug|Any CPU = Debug|Any CPU
		Release|Any CPU = Release|Any CPU
	EndGlobalSection
	GlobalSection(ProjectConfigurationPlatforms) = postSolution
		{0FCBEA44-760D-49AA-9B86-B5B089C85A63}.Debug|Any CPU.ActiveCfg = Debug|Any CPU
		{0FCBEA44-760D-49AA-9B86-B5B089C85A63}.Debug|Any CPU.Build.0 = Debug|Any CPU
		{0FCBEA44-760D-49AA-9B86-B5B089C85A63}.Release|Any CPU.ActiveCfg = Release|Any CPU
		{0FCBEA44-760D-49AA-9B86-B5B089C85A63}.Release|Any CPU.Build.0 = Release|Any CPU
		{09CC1B15-31FF-42C0-9705-2D89BFCB8941}.Debug|Any CPU.ActiveCfg = Debug|Any CPU
		{09CC1B15-31FF-42C0-9705-2D89BFCB8941}.Debug|Any CPU.Build.0 = Debug|Any CPU
		{09CC1B15-31FF-42C0-9705-2D89BFCB8941}.Release|Any CPU.ActiveCfg = Release|Any CPU
		{09CC1B15-31FF-42C0-9705-2D89BFCB8941}.Release|Any CPU.Build.0 = Release|Any CPU
	EndGlobalSection
	GlobalSection(SolutionProperties) = preSolution
		HideSolutionNode = FALSE
	EndGlobalSection
	GlobalSection(ExtensibilityGlobals) = postSolution
		SolutionGuid = {3414D14E-353C-4ABD-B2A2-D060CC768583}
	EndGlobalSection
EndGlobal
